
Microsoft Visual Studio Solution File, Format Version 12.00
# Visual Studio Version 17
VisualStudioVersion = 17.3.32825.248
MinimumVisualStudioVersion = 10.0.40219.1
Project("{2150E333-8FDC-42A3-9474-1A3956D46DE8}") = "FrontEnd", "FrontEnd", "{D3FB0FA5-BCFD-4649-872E-948CCB978687}"
EndProject
Project("{9A19103F-16F7-4668-BE54-9A1E7A4F7556}") = "Mango.Web", "Mango.Web\Mango.Web.csproj", "{A5E80ABC-34C6-4D89-94E7-0BB63F235B6F}"
EndProject
Project("{2150E333-8FDC-42A3-9474-1A3956D46DE8}") = "Services", "Services", "{C1C150A5-5979-4617-9194-B49F93C79297}"
EndProject
Project("{9A19103F-16F7-4668-BE54-9A1E7A4F7556}") = "Mango.Services.ProductAPI", "Mango.Services.ProductAPI\Mango.Services.ProductAPI.csproj", "{3E1F6F5F-73A4-4718-98FA-4803920A3174}"
EndProject
Project("{FAE04EC0-301F-11D3-BF4B-00C04F79EFBC}") = "Mango.Services.Identity", "Mango.Services.Identity\Mango.Services.Identity.csproj", "{CBA79AA0-4A66-43AB-9FBA-9F708CE0716B}"
EndProject
Global
	GlobalSection(SolutionConfigurationPlatforms) = preSolution
		Debug|Any CPU = Debug|Any CPU
		Release|Any CPU = Release|Any CPU
	EndGlobalSection
	GlobalSection(ProjectConfigurationPlatforms) = postSolution
		{A5E80ABC-34C6-4D89-94E7-0BB63F235B6F}.Debug|Any CPU.ActiveCfg = Debug|Any CPU
		{A5E80ABC-34C6-4D89-94E7-0BB63F235B6F}.Debug|Any CPU.Build.0 = Debug|Any CPU
		{A5E80ABC-34C6-4D89-94E7-0BB63F235B6F}.Release|Any CPU.ActiveCfg = Release|Any CPU
		{A5E80ABC-34C6-4D89-94E7-0BB63F235B6F}.Release|Any CPU.Build.0 = Release|Any CPU
		{3E1F6F5F-73A4-4718-98FA-4803920A3174}.Debug|Any CPU.ActiveCfg = Debug|Any CPU
		{3E1F6F5F-73A4-4718-98FA-4803920A3174}.Debug|Any CPU.Build.0 = Debug|Any CPU
		{3E1F6F5F-73A4-4718-98FA-4803920A3174}.Release|Any CPU.ActiveCfg = Release|Any CPU
		{3E1F6F5F-73A4-4718-98FA-4803920A3174}.Release|Any CPU.Build.0 = Release|Any CPU
		{CBA79AA0-4A66-43AB-9FBA-9F708CE0716B}.Debug|Any CPU.ActiveCfg = Debug|Any CPU
		{CBA79AA0-4A66-43AB-9FBA-9F708CE0716B}.Debug|Any CPU.Build.0 = Debug|Any CPU
		{CBA79AA0-4A66-43AB-9FBA-9F708CE0716B}.Release|Any CPU.ActiveCfg = Release|Any CPU
		{CBA79AA0-4A66-43AB-9FBA-9F708CE0716B}.Release|Any CPU.Build.0 = Release|Any CPU
	EndGlobalSection
	GlobalSection(SolutionProperties) = preSolution
		HideSolutionNode = FALSE
	EndGlobalSection
	GlobalSection(NestedProjects) = preSolution
		{A5E80ABC-34C6-4D89-94E7-0BB63F235B6F} = {D3FB0FA5-BCFD-4649-872E-948CCB978687}
		{3E1F6F5F-73A4-4718-98FA-4803920A3174} = {C1C150A5-5979-4617-9194-B49F93C79297}
		{CBA79AA0-4A66-43AB-9FBA-9F708CE0716B} = {C1C150A5-5979-4617-9194-B49F93C79297}
	EndGlobalSection
	GlobalSection(ExtensibilityGlobals) = postSolution
		SolutionGuid = {435BB82D-CF4F-4940-BC92-130F84845DF5}
	EndGlobalSection
EndGlobal
